
Microsoft Visual Studio Solution File, Format Version 12.00
# Visual Studio Version 16
VisualStudioVersion = 25.0.1703.2
MinimumVisualStudioVersion = 10.0.40219.1
Project("{FAE04EC0-301F-11D3-BF4B-00C04F79EFBC}") = "CECS-475-Lab-1", "CECS-475-Lab-1\CECS-475-Lab-1.csproj", "{FE07B7AD-524B-465D-AF5D-D6EB67CBEED2}"
EndProject
Global
	GlobalSection(SolutionConfigurationPlatforms) = preSolution
		Debug|Any CPU = Debug|Any CPU
		Release|Any CPU = Release|Any CPU
	EndGlobalSection
	GlobalSection(ProjectConfigurationPlatforms) = postSolution
		{FE07B7AD-524B-465D-AF5D-D6EB67CBEED2}.Debug|Any CPU.ActiveCfg = Debug|Any CPU
		{FE07B7AD-524B-465D-AF5D-D6EB67CBEED2}.Debug|Any CPU.Build.0 = Debug|Any CPU
		{FE07B7AD-524B-465D-AF5D-D6EB67CBEED2}.Release|Any CPU.ActiveCfg = Release|Any CPU
		{FE07B7AD-524B-465D-AF5D-D6EB67CBEED2}.Release|Any CPU.Build.0 = Release|Any CPU
	EndGlobalSection
	GlobalSection(SolutionProperties) = preSolution
		HideSolutionNode = FALSE
	EndGlobalSection
	GlobalSection(ExtensibilityGlobals) = postSolution
		SolutionGuid = {19B1FB60-D74F-417D-BAD9-91D09DA3BC43}
	EndGlobalSection
EndGlobal
